
Microsoft Visual Studio Solution File, Format Version 12.00
# Visual Studio Version 16
VisualStudioVersion = 16.0.34114.132
MinimumVisualStudioVersion = 10.0.40219.1
Project("{FAE04EC0-301F-11D3-BF4B-00C04F79EFBC}") = "PragimTech", "PragimTech\PragimTech.csproj", "{23A0596E-CC7F-463F-A191-9F331D057B31}"
EndProject
Global
	GlobalSection(SolutionConfigurationPlatforms) = preSolution
		Debug|Any CPU = Debug|Any CPU
		Release|Any CPU = Release|Any CPU
	EndGlobalSection
	GlobalSection(ProjectConfigurationPlatforms) = postSolution
		{23A0596E-CC7F-463F-A191-9F331D057B31}.Debug|Any CPU.ActiveCfg = Debug|Any CPU
		{23A0596E-CC7F-463F-A191-9F331D057B31}.Debug|Any CPU.Build.0 = Debug|Any CPU
		{23A0596E-CC7F-463F-A191-9F331D057B31}.Release|Any CPU.ActiveCfg = Release|Any CPU
		{23A0596E-CC7F-463F-A191-9F331D057B31}.Release|Any CPU.Build.0 = Release|Any CPU
	EndGlobalSection
	GlobalSection(SolutionProperties) = preSolution
		HideSolutionNode = FALSE
	EndGlobalSection
	GlobalSection(ExtensibilityGlobals) = postSolution
		SolutionGuid = {81A42028-EA11-45B0-9922-21E8674E896D}
	EndGlobalSection
EndGlobal
